// !$*UTF8*$!
{
	archiveVersion = 1;
	classes = {
	};
	objectVersion = 77;
	objects = {

/* Begin PBXFileReference section */
		162FFC932E55EB21007B25F3 /* install_server.sh */ = {isa = PBXFileReference; lastKnownFileType = text.script.sh; path = install_server.sh; sourceTree = "<group>"; };
		162FFC9D2E55EB78007B25F3 /* INFO.TXT */ = {isa = PBXFileReference; lastKnownFileType = text; path = INFO.TXT; sourceTree = "<group>"; };
/* End PBXFileReference section */

/* Begin PBXFileSystemSynchronizedRootGroup section */
		1658C0B02E4EC54200CF4241 /* web */ = {
			isa = PBXFileSystemSynchronizedRootGroup;
			path = web;
			sourceTree = "<group>";
		};
		1658C0B72E4F3B8800CF4241 /* setup */ = {
			isa = PBXFileSystemSynchronizedRootGroup;
			path = setup;
			sourceTree = "<group>";
		};
		166AC4242E4CD0CF006EEB49 /* sql */ = {
			isa = PBXFileSystemSynchronizedRootGroup;
			path = sql;
			sourceTree = "<group>";
		};
/* End PBXFileSystemSynchronizedRootGroup section */

/* Begin PBXGroup section */
		166AC41B2E4BDD69006EEB49 = {
			isa = PBXGroup;
			children = (
				162FFC9D2E55EB78007B25F3 /* INFO.TXT */,
				1658C0B72E4F3B8800CF4241 /* setup */,
				1658C0B02E4EC54200CF4241 /* web */,
				166AC4242E4CD0CF006EEB49 /* sql */,
				162FFC932E55EB21007B25F3 /* install_server.sh */,
			);
			sourceTree = "<group>";
		};
/* End PBXGroup section */

/* Begin PBXProject section */
		166AC41C2E4BDD69006EEB49 /* Project object */ = {
			isa = PBXProject;
			attributes = {
				BuildIndependentTargetsInParallel = 1;
				LastUpgradeCheck = 1640;
			};
			buildConfigurationList = 166AC41F2E4BDD69006EEB49 /* Build configuration list for PBXProject "jwx" */;
			developmentRegion = en;
			hasScannedForEncodings = 0;
			knownRegions = (
				en,
				Base,
			);
			mainGroup = 166AC41B2E4BDD69006EEB49;
			minimizedProjectReferenceProxies = 1;
			preferredProjectObjectVersion = 77;
			projectDirPath = "";
			projectRoot = "";
			targets = (
			);
		};
/* End PBXProject section */

/* Begin XCBuildConfiguration section */
		166AC4202E4BDD69006EEB49 /* Debug */ = {
			isa = XCBuildConfiguration;
			buildSettings = {
			};
			name = Debug;
		};
		166AC4212E4BDD69006EEB49 /* Release */ = {
			isa = XCBuildConfiguration;
			buildSettings = {
			};
			name = Release;
		};
/* End XCBuildConfiguration section */

/* Begin XCConfigurationList section */
		166AC41F2E4BDD69006EEB49 /* Build configuration list for PBXProject "jwx" */ = {
			isa = XCConfigurationList;
			buildConfigurations = (
				166AC4202E4BDD69006EEB49 /* Debug */,
				166AC4212E4BDD69006EEB49 /* Release */,
			);
			defaultConfigurationIsVisible = 0;
			defaultConfigurationName = Release;
		};
/* End XCConfigurationList section */
	};
	rootObject = 166AC41C2E4BDD69006EEB49 /* Project object */;
}
